# THIS IS AN AUTOGENERATED FILE. DO NOT EDIT THIS FILE DIRECTLY.
# yarn lockfile v1


"@popperjs/core@^2.11.7":
  version "2.11.7"
  resolved "https://registry.yarnpkg.com/@popperjs/core/-/core-2.11.7.tgz#ccab5c8f7dc557a52ca3288c10075c9ccd37fff7"
  integrity sha512-Cr4OjIkipTtcXKjAsm8agyleBuDHvxzeBoa1v543lbv1YaIwQjESsVcmjiWiPEbC1FIeHOG/Op9kdCmAmiS3Kw==

bootstrap-icons@^1.10.3:
  version "1.10.3"
  resolved "https://registry.yarnpkg.com/bootstrap-icons/-/bootstrap-icons-1.10.3.tgz#c587b078ca6743bef4653fe90434b4aebfba53b2"
  integrity sha512-7Qvj0j0idEm/DdX9Q0CpxAnJYqBCFCiUI6qzSPYfERMcokVuV9Mdm/AJiVZI8+Gawe4h/l6zFcOzvV7oXCZArw==

bootstrap-scss@^5.2.3:
  version "5.2.3"
  resolved "https://registry.yarnpkg.com/bootstrap-scss/-/bootstrap-scss-5.2.3.tgz#3c26b523a4af25c7f1de26b14999b149244fd7c3"
  integrity sha512-3lU/QMvW3VAgPwefBDSI90FY71ShuT7QxIna4sz5ksE7gVIUpNWe5/VjCiHroeyyTz9pIMlSE65V7nLJqq9Cmg==

bootstrap@^5.2.3:
  version "5.2.3"
  resolved "https://registry.yarnpkg.com/bootstrap/-/bootstrap-5.2.3.tgz#54739f4414de121b9785c5da3c87b37ff008322b"
  integrity sha512-cEKPM+fwb3cT8NzQZYEu4HilJ3anCrWqh3CHAok1p9jXqMPsPTBhU25fBckEJHJ/p+tTxTFTsFQGM+gaHpi3QQ==

cssom@0.2.x:
  version "0.2.5"
  resolved "https://registry.yarnpkg.com/cssom/-/cssom-0.2.5.tgz#2682709b5902e7212df529116ff788cd5b254894"
  integrity sha512-b9ecqKEfWrNcyzx5+1nmcfi80fPp8dVM8rlAh7fFK14PZbNjp++gRjyZTZfLJQa/Lw0qeCJho7WBIl0nw0v6HA==

debug@*:
  version "4.3.4"
  resolved "https://registry.yarnpkg.com/debug/-/debug-4.3.4.tgz#1319f6579357f2338d3337d2cdd4914bb5dcc865"
  integrity sha512-PRWFHuSU3eDtQJPvnNY7Jcket1j0t5OuOsFzPPzsekD52Zl8qUfFIPEiswXqIvHWGVHOgX+7G/vCNNhehwxfkQ==
  dependencies:
    ms "2.1.2"

foundation-sites@^6.7.5:
  version "6.7.5"
  resolved "https://registry.yarnpkg.com/foundation-sites/-/foundation-sites-6.7.5.tgz#6bc2bdd06819e6ed4d7fd8e3090246a0b6ac81c0"
  integrity sha512-MEjAENdF/IV2XQvlQmg20o+iDTyyWu0N/j440e8fKbEylbKxARzgg5S7vcnxtjukC1Lqg+rRm7ZDSSyGhVVoUQ==

foundation@^4.2.1-1:
  version "4.2.1-1"
  resolved "https://registry.yarnpkg.com/foundation/-/foundation-4.2.1-1.tgz#4e497e2d9737533334b1e68354cd8dd039cbc47b"
  integrity sha512-qZ+7IxnB7Zh3ISaAdeSzfSuuNZ+aOIFLri42CLCU03Oj9b1xJMYk4WNmtXXeNjceRn63whIG2dhYW+0tz5VOkg==
  dependencies:
    stylus "~0.32.1"
    stylus-type-utils "~0.0.3"

mkdirp@0.3.x:
  version "0.3.5"
  resolved "https://registry.yarnpkg.com/mkdirp/-/mkdirp-0.3.5.tgz#de3e5f8961c88c787ee1368df849ac4413eca8d7"
  integrity sha512-8OCq0De/h9ZxseqzCH8Kw/Filf5pF/vMI6+BH7Lu0jXz2pqYCjTAQRolSxRIi+Ax+oCCjlxoJMP0YQ4XlrQNHg==

ms@2.1.2:
  version "2.1.2"
  resolved "https://registry.yarnpkg.com/ms/-/ms-2.1.2.tgz#d09d1f357b443f493382a8eb3ccd183872ae6009"
  integrity sha512-sGkPx+VjMtmA6MX27oA4FBFELFCZZ4S4XqeGOXCv68tT+jb3vk/RyaKWP0PTKyWtmLSM0b+adUTEvbs1PEaH2w==

stylus-type-utils@~0.0.3:
  version "0.0.3"
  resolved "https://registry.yarnpkg.com/stylus-type-utils/-/stylus-type-utils-0.0.3.tgz#f048334728bb5144ecd599c627553db64ea0a6bb"
  integrity sha512-E1yoznMW1fFSm2OUF+oEp41KWSXoTYPEBgpRVAASVPG45mrnCZzs7qmA+0bjegJ9vLRPoYeX38mU3RJFk6BphQ==

stylus@~0.32.1:
  version "0.32.1"
  resolved "https://registry.yarnpkg.com/stylus/-/stylus-0.32.1.tgz#3d28275bd9f181085f8dd0fa52a8559696978212"
  integrity sha512-QAUlDBLxjrNpf4dT991DOaXcxBKCJuICYAso29Q0RV9aI+REZIER4aRMfE5DIkV1meSiVccO27dA1Uhu+5gzEQ==
  dependencies:
    cssom "0.2.x"
    debug "*"
    mkdirp "0.3.x"
